sonata_block:
#    default_contexts: [sonata_page_bundle]
    blocks:
        sonata.admin.block.admin_list:
            contexts:   [admin]

        #sonata.admin_doctrine_orm.block.audit:
        #    contexts:   [admin]

        sonata.block.service.text:
        sonata.block.service.rss:

        # Some specific block from the SonataMediaBundle
        #sonata.media.block.media:
        #sonata.media.block.gallery:
        #sonata.media.block.feature_media:

        # Some block with different templates
        #acme.demo.block.demo:
        #    templates:
        #       - { name: 'Simple', template: '@AcmeDemo/Block/demo_simple.html.twig' }
        #       - { name: 'Big',    template: '@AcmeDemo/Block/demo_big.html.twig' }